// !$*UTF8*$!
{
	archiveVersion = 1;
	classes = {
	};
	objectVersion = 55;
	objects = {

/* Begin PBXBuildFile section */
		A4926CD9281ED70C00BB9C73 /* SwiftfulCryptoApp.swift in Sources */ = {isa = PBXBuildFile; fileRef = A4926CD8281ED70C00BB9C73 /* SwiftfulCryptoApp.swift */; };
		A4926CE0281ED70D00BB9C73 /* Preview Assets.xcassets in Resources */ = {isa = PBXBuildFile; fileRef = A4926CDF281ED70D00BB9C73 /* Preview Assets.xcassets */; };
		A4926CEA281ED9A100BB9C73 /* Color.swift in Sources */ = {isa = PBXBuildFile; fileRef = A4926CE9281ED9A100BB9C73 /* Color.swift */; };
		A4926CF1281EDBBD00BB9C73 /* HomeView.swift in Sources */ = {isa = PBXBuildFile; fileRef = A4926CF0281EDBBD00BB9C73 /* HomeView.swift */; };
		A4926CF5281EDCBF00BB9C73 /* CirlceButtonView.swift in Sources */ = {isa = PBXBuildFile; fileRef = A4926CF4281EDCBF00BB9C73 /* CirlceButtonView.swift */; };
		A4926CF7281EDF6200BB9C73 /* CircleButtonAnimationView.swift in Sources */ = {isa = PBXBuildFile; fileRef = A4926CF6281EDF6200BB9C73 /* CircleButtonAnimationView.swift */; };
		A4926CFA281EE37E00BB9C73 /* CoinModel.swift in Sources */ = {isa = PBXBuildFile; fileRef = A4926CF9281EE37E00BB9C73 /* CoinModel.swift */; };
		A4926CFE281EFEED00BB9C73 /* CoinRowView.swift in Sources */ = {isa = PBXBuildFile; fileRef = A4926CFD281EFEED00BB9C73 /* CoinRowView.swift */; };
		A4926D00281EFF4800BB9C73 /* PreviewProvider.swift in Sources */ = {isa = PBXBuildFile; fileRef = A4926CFF281EFF4800BB9C73 /* PreviewProvider.swift */; };
		A4926D02281F046500BB9C73 /* Double.swift in Sources */ = {isa = PBXBuildFile; fileRef = A4926D01281F046500BB9C73 /* Double.swift */; };
		A4926D04281F0A6E00BB9C73 /* HomeViewModel.swift in Sources */ = {isa = PBXBuildFile; fileRef = A4926D03281F0A6E00BB9C73 /* HomeViewModel.swift */; };
		A4926D07281F0FEC00BB9C73 /* CoinDataService.swift in Sources */ = {isa = PBXBuildFile; fileRef = A4926D06281F0FEC00BB9C73 /* CoinDataService.swift */; };
		A4926D0A2820200400BB9C73 /* NetworkingManager.swift in Sources */ = {isa = PBXBuildFile; fileRef = A4926D092820200400BB9C73 /* NetworkingManager.swift */; };
		A4926D0D28202B3900BB9C73 /* CoinImageView.swift in Sources */ = {isa = PBXBuildFile; fileRef = A4926D0C28202B3900BB9C73 /* CoinImageView.swift */; };
		A4926D0F28202C7500BB9C73 /* CoinImageService.swift in Sources */ = {isa = PBXBuildFile; fileRef = A4926D0E28202C7500BB9C73 /* CoinImageService.swift */; };
		A4926D112820316E00BB9C73 /* CoinImageViewModel.swift in Sources */ = {isa = PBXBuildFile; fileRef = A4926D102820316E00BB9C73 /* CoinImageViewModel.swift */; };
		A4926D13282038B000BB9C73 /* LocalFileManager.swift in Sources */ = {isa = PBXBuildFile; fileRef = A4926D12282038B000BB9C73 /* LocalFileManager.swift */; };
		A4926D15282041A600BB9C73 /* SearchBarView.swift in Sources */ = {isa = PBXBuildFile; fileRef = A4926D14282041A600BB9C73 /* SearchBarView.swift */; };
		A4926D172820450200BB9C73 /* UIApplication.swift in Sources */ = {isa = PBXBuildFile; fileRef = A4926D162820450200BB9C73 /* UIApplication.swift */; };
		A4926D192820692400BB9C73 /* StatisticModel.swift in Sources */ = {isa = PBXBuildFile; fileRef = A4926D182820692400BB9C73 /* StatisticModel.swift */; };
		A4926D1B282069F900BB9C73 /* StatisticView.swift in Sources */ = {isa = PBXBuildFile; fileRef = A4926D1A282069F900BB9C73 /* StatisticView.swift */; };
		A4926D1D28206C7300BB9C73 /* HomeStatsView.swift in Sources */ = {isa = PBXBuildFile; fileRef = A4926D1C28206C7300BB9C73 /* HomeStatsView.swift */; };
		A4926D1F282071BB00BB9C73 /* MarketDataModel.swift in Sources */ = {isa = PBXBuildFile; fileRef = A4926D1E282071BB00BB9C73 /* MarketDataModel.swift */; };
		A4926D21282074AE00BB9C73 /* MarketDataService.swift in Sources */ = {isa = PBXBuildFile; fileRef = A4926D20282074AE00BB9C73 /* MarketDataService.swift */; };
		A4926D232820895500BB9C73 /* PortfolioView.swift in Sources */ = {isa = PBXBuildFile; fileRef = A4926D222820895500BB9C73 /* PortfolioView.swift */; };
		A4926D2528208ABD00BB9C73 /* XMarkButton.swift in Sources */ = {isa = PBXBuildFile; fileRef = A4926D2428208ABD00BB9C73 /* XMarkButton.swift */; };
		A4926D272820902E00BB9C73 /* CoinLogoView.swift in Sources */ = {isa = PBXBuildFile; fileRef = A4926D262820902E00BB9C73 /* CoinLogoView.swift */; };
		A4E1185C2821D5F20078531A /* Assets.xcassets in Resources */ = {isa = PBXBuildFile; fileRef = A4E1185B2821D5F20078531A /* Assets.xcassets */; };
		A4E1185F2821D84E0078531A /* PortfolioContainer.xcdatamodeld in Sources */ = {isa = PBXBuildFile; fileRef = A4E1185D2821D84E0078531A /* PortfolioContainer.xcdatamodeld */; };
		A4E118612821D9340078531A /* PortfolioDataService.swift in Sources */ = {isa = PBXBuildFile; fileRef = A4E118602821D9340078531A /* PortfolioDataService.swift */; };
/* End PBXBuildFile section */

/* Begin PBXFileReference section */
		A4926CD5281ED70C00BB9C73 /* Crypto Track.app */ = {isa = PBXFileReference; explicitFileType = wrapper.application; includeInIndex = 0; path = "Crypto Track.app"; sourceTree = BUILT_PRODUCTS_DIR; };
		A4926CD8281ED70C00BB9C73 /* SwiftfulCryptoApp.swift */ = {isa = PBXFileReference; lastKnownFileType = sourcecode.swift; path = SwiftfulCryptoApp.swift; sourceTree = "<group>"; };
		A4926CDF281ED70D00BB9C73 /* Preview Assets.xcassets */ = {isa = PBXFileReference; lastKnownFileType = folder.assetcatalog; path = "Preview Assets.xcassets"; sourceTree = "<group>"; };
		A4926CE9281ED9A100BB9C73 /* Color.swift */ = {isa = PBXFileReference; lastKnownFileType = sourcecode.swift; path = Color.swift; sourceTree = "<group>"; };
		A4926CF0281EDBBD00BB9C73 /* HomeView.swift */ = {isa = PBXFileReference; lastKnownFileType = sourcecode.swift; path = HomeView.swift; sourceTree = "<group>"; };
		A4926CF4281EDCBF00BB9C73 /* CirlceButtonView.swift */ = {isa = PBXFileReference; lastKnownFileType = sourcecode.swift; path = CirlceButtonView.swift; sourceTree = "<group>"; };
		A4926CF6281EDF6200BB9C73 /* CircleButtonAnimationView.swift */ = {isa = PBXFileReference; lastKnownFileType = sourcecode.swift; path = CircleButtonAnimationView.swift; sourceTree = "<group>"; };
		A4926CF9281EE37E00BB9C73 /* CoinModel.swift */ = {isa = PBXFileReference; lastKnownFileType = sourcecode.swift; path = CoinModel.swift; sourceTree = "<group>"; };
		A4926CFD281EFEED00BB9C73 /* CoinRowView.swift */ = {isa = PBXFileReference; lastKnownFileType = sourcecode.swift; path = CoinRowView.swift; sourceTree = "<group>"; };
		A4926CFF281EFF4800BB9C73 /* PreviewProvider.swift */ = {isa = PBXFileReference; lastKnownFileType = sourcecode.swift; path = PreviewProvider.swift; sourceTree = "<group>"; };
		A4926D01281F046500BB9C73 /* Double.swift */ = {isa = PBXFileReference; lastKnownFileType = sourcecode.swift; path = Double.swift; sourceTree = "<group>"; };
		A4926D03281F0A6E00BB9C73 /* HomeViewModel.swift */ = {isa = PBXFileReference; lastKnownFileType = sourcecode.swift; path = HomeViewModel.swift; sourceTree = "<group>"; };
		A4926D06281F0FEC00BB9C73 /* CoinDataService.swift */ = {isa = PBXFileReference; lastKnownFileType = sourcecode.swift; path = CoinDataService.swift; sourceTree = "<group>"; };
		A4926D092820200400BB9C73 /* NetworkingManager.swift */ = {isa = PBXFileReference; lastKnownFileType = sourcecode.swift; path = NetworkingManager.swift; sourceTree = "<group>"; };
		A4926D0C28202B3900BB9C73 /* CoinImageView.swift */ = {isa = PBXFileReference; lastKnownFileType = sourcecode.swift; path = CoinImageView.swift; sourceTree = "<group>"; };
		A4926D0E28202C7500BB9C73 /* CoinImageService.swift */ = {isa = PBXFileReference; lastKnownFileType = sourcecode.swift; path = CoinImageService.swift; sourceTree = "<group>"; };
		A4926D102820316E00BB9C73 /* CoinImageViewModel.swift */ = {isa = PBXFileReference; lastKnownFileType = sourcecode.swift; path = CoinImageViewModel.swift; sourceTree = "<group>"; };
		A4926D12282038B000BB9C73 /* LocalFileManager.swift */ = {isa = PBXFileReference; lastKnownFileType = sourcecode.swift; path = LocalFileManager.swift; sourceTree = "<group>"; };
		A4926D14282041A600BB9C73 /* SearchBarView.swift */ = {isa = PBXFileReference; lastKnownFileType = sourcecode.swift; path = SearchBarView.swift; sourceTree = "<group>"; };
		A4926D162820450200BB9C73 /* UIApplication.swift */ = {isa = PBXFileReference; lastKnownFileType = sourcecode.swift; path = UIApplication.swift; sourceTree = "<group>"; };
		A4926D182820692400BB9C73 /* StatisticModel.swift */ = {isa = PBXFileReference; lastKnownFileType = sourcecode.swift; path = StatisticModel.swift; sourceTree = "<group>"; };
		A4926D1A282069F900BB9C73 /* StatisticView.swift */ = {isa = PBXFileReference; lastKnownFileType = sourcecode.swift; path = StatisticView.swift; sourceTree = "<group>"; };
		A4926D1C28206C7300BB9C73 /* HomeStatsView.swift */ = {isa = PBXFileReference; lastKnownFileType = sourcecode.swift; path = HomeStatsView.swift; sourceTree = "<group>"; };
		A4926D1E282071BB00BB9C73 /* MarketDataModel.swift */ = {isa = PBXFileReference; lastKnownFileType = sourcecode.swift; path = MarketDataModel.swift; sourceTree = "<group>"; };
		A4926D20282074AE00BB9C73 /* MarketDataService.swift */ = {isa = PBXFileReference; lastKnownFileType = sourcecode.swift; path = MarketDataService.swift; sourceTree = "<group>"; };
		A4926D222820895500BB9C73 /* PortfolioView.swift */ = {isa = PBXFileReference; lastKnownFileType = sourcecode.swift; path = PortfolioView.swift; sourceTree = "<group>"; };
		A4926D2428208ABD00BB9C73 /* XMarkButton.swift */ = {isa = PBXFileReference; lastKnownFileType = sourcecode.swift; path = XMarkButton.swift; sourceTree = "<group>"; };
		A4926D262820902E00BB9C73 /* CoinLogoView.swift */ = {isa = PBXFileReference; lastKnownFileType = sourcecode.swift; path = CoinLogoView.swift; sourceTree = "<group>"; };
		A4E1185B2821D5F20078531A /* Assets.xcassets */ = {isa = PBXFileReference; lastKnownFileType = folder.assetcatalog; path = Assets.xcassets; sourceTree = "<group>"; };
		A4E1185E2821D84E0078531A /* PortfolioContainer.xcdatamodel */ = {isa = PBXFileReference; lastKnownFileType = wrapper.xcdatamodel; path = PortfolioContainer.xcdatamodel; sourceTree = "<group>"; };
		A4E118602821D9340078531A /* PortfolioDataService.swift */ = {isa = PBXFileReference; lastKnownFileType = sourcecode.swift; path = PortfolioDataService.swift; sourceTree = "<group>"; };
/* End PBXFileReference section */

/* Begin PBXFrameworksBuildPhase section */
		A4926CD2281ED70C00BB9C73 /* Frameworks */ = {
			isa = PBXFrameworksBuildPhase;
			buildActionMask = 2147483647;
			files = (
			);
			runOnlyForDeploymentPostprocessing = 0;
		};
/* End PBXFrameworksBuildPhase section */

/* Begin PBXGroup section */
		A4926CCC281ED70C00BB9C73 = {
			isa = PBXGroup;
			children = (
				A4926CD7281ED70C00BB9C73 /* SwiftfulCrypto */,
				A4926CD6281ED70C00BB9C73 /* Products */,
			);
			sourceTree = "<group>";
		};
		A4926CD6281ED70C00BB9C73 /* Products */ = {
			isa = PBXGroup;
			children = (
				A4926CD5281ED70C00BB9C73 /* Crypto Track.app */,
			);
			name = Products;
			sourceTree = "<group>";
		};
		A4926CD7281ED70C00BB9C73 /* SwiftfulCrypto */ = {
			isa = PBXGroup;
			children = (
				A4926CD8281ED70C00BB9C73 /* SwiftfulCryptoApp.swift */,
				A4926D0828201FD400BB9C73 /* Utilities */,
				A4926CE8281ED98D00BB9C73 /* Extensions */,
				A4926D05281F0FCA00BB9C73 /* Services */,
				A4926CF8281EE36700BB9C73 /* Models */,
				A4926CEB281EDB8200BB9C73 /* Core */,
				A4E1185B2821D5F20078531A /* Assets.xcassets */,
				A4926CDE281ED70D00BB9C73 /* Preview Content */,
			);
			path = SwiftfulCrypto;
			sourceTree = "<group>";
		};
		A4926CDE281ED70D00BB9C73 /* Preview Content */ = {
			isa = PBXGroup;
			children = (
				A4926CDF281ED70D00BB9C73 /* Preview Assets.xcassets */,
			);
			path = "Preview Content";
			sourceTree = "<group>";
		};
		A4926CE8281ED98D00BB9C73 /* Extensions */ = {
			isa = PBXGroup;
			children = (
				A4926CE9281ED9A100BB9C73 /* Color.swift */,
				A4926CFF281EFF4800BB9C73 /* PreviewProvider.swift */,
				A4926D01281F046500BB9C73 /* Double.swift */,
				A4926D162820450200BB9C73 /* UIApplication.swift */,
			);
			path = Extensions;
			sourceTree = "<group>";
		};
		A4926CEB281EDB8200BB9C73 /* Core */ = {
			isa = PBXGroup;
			children = (
				A4926CF2281EDCA000BB9C73 /* Components */,
				A4926CED281EDB9C00BB9C73 /* Home */,
			);
			path = Core;
			sourceTree = "<group>";
		};
		A4926CED281EDB9C00BB9C73 /* Home */ = {
			isa = PBXGroup;
			children = (
				A4926CEF281EDBAD00BB9C73 /* ViewModels */,
				A4926CEE281EDBA800BB9C73 /* Views */,
			);
			path = Home;
			sourceTree = "<group>";
		};
		A4926CEE281EDBA800BB9C73 /* Views */ = {
			isa = PBXGroup;
			children = (
				A4926CF0281EDBBD00BB9C73 /* HomeView.swift */,
				A4926CFD281EFEED00BB9C73 /* CoinRowView.swift */,
				A4926D1C28206C7300BB9C73 /* HomeStatsView.swift */,
				A4926D222820895500BB9C73 /* PortfolioView.swift */,
			);
			path = Views;
			sourceTree = "<group>";
		};
		A4926CEF281EDBAD00BB9C73 /* ViewModels */ = {
			isa = PBXGroup;
			children = (
				A4926D03281F0A6E00BB9C73 /* HomeViewModel.swift */,
			);
			path = ViewModels;
			sourceTree = "<group>";
		};
		A4926CF2281EDCA000BB9C73 /* Components */ = {
			isa = PBXGroup;
			children = (
				A4926D0B28202B1D00BB9C73 /* CoinImage */,
				A4926CF3281EDCB200BB9C73 /* CircleButton */,
				A4926D14282041A600BB9C73 /* SearchBarView.swift */,
				A4926D1A282069F900BB9C73 /* StatisticView.swift */,
				A4926D2428208ABD00BB9C73 /* XMarkButton.swift */,
			);
			path = Components;
			sourceTree = "<group>";
		};
		A4926CF3281EDCB200BB9C73 /* CircleButton */ = {
			isa = PBXGroup;
			children = (
				A4926CF4281EDCBF00BB9C73 /* CirlceButtonView.swift */,
				A4926CF6281EDF6200BB9C73 /* CircleButtonAnimationView.swift */,
			);
			path = CircleButton;
			sourceTree = "<group>";
		};
		A4926CF8281EE36700BB9C73 /* Models */ = {
			isa = PBXGroup;
			children = (
				A4926CF9281EE37E00BB9C73 /* CoinModel.swift */,
				A4926D182820692400BB9C73 /* StatisticModel.swift */,
				A4926D1E282071BB00BB9C73 /* MarketDataModel.swift */,
				A4E1185D2821D84E0078531A /* PortfolioContainer.xcdatamodeld */,
			);
			path = Models;
			sourceTree = "<group>";
		};
		A4926D05281F0FCA00BB9C73 /* Services */ = {
			isa = PBXGroup;
			children = (
				A4926D06281F0FEC00BB9C73 /* CoinDataService.swift */,
				A4926D0E28202C7500BB9C73 /* CoinImageService.swift */,
				A4926D20282074AE00BB9C73 /* MarketDataService.swift */,
				A4E118602821D9340078531A /* PortfolioDataService.swift */,
			);
			path = Services;
			sourceTree = "<group>";
		};
		A4926D0828201FD400BB9C73 /* Utilities */ = {
			isa = PBXGroup;
			children = (
				A4926D092820200400BB9C73 /* NetworkingManager.swift */,
				A4926D12282038B000BB9C73 /* LocalFileManager.swift */,
			);
			path = Utilities;
			sourceTree = "<group>";
		};
		A4926D0B28202B1D00BB9C73 /* CoinImage */ = {
			isa = PBXGroup;
			children = (
				A4926D0C28202B3900BB9C73 /* CoinImageView.swift */,
				A4926D102820316E00BB9C73 /* CoinImageViewModel.swift */,
				A4926D262820902E00BB9C73 /* CoinLogoView.swift */,
			);
			path = CoinImage;
			sourceTree = "<group>";
		};
/* End PBXGroup section */

/* Begin PBXNativeTarget section */
		A4926CD4281ED70C00BB9C73 /* SwiftfulCrypto */ = {
			isa = PBXNativeTarget;
			buildConfigurationList = A4926CE3281ED70D00BB9C73 /* Build configuration list for PBXNativeTarget "SwiftfulCrypto" */;
			buildPhases = (
				A4926CD1281ED70C00BB9C73 /* Sources */,
				A4926CD2281ED70C00BB9C73 /* Frameworks */,
				A4926CD3281ED70C00BB9C73 /* Resources */,
			);
			buildRules = (
			);
			dependencies = (
			);
			name = SwiftfulCrypto;
			productName = SwiftfulCrypto;
			productReference = A4926CD5281ED70C00BB9C73 /* Crypto Track.app */;
			productType = "com.apple.product-type.application";
		};
/* End PBXNativeTarget section */

/* Begin PBXProject section */
		A4926CCD281ED70C00BB9C73 /* Project object */ = {
			isa = PBXProject;
			attributes = {
				BuildIndependentTargetsInParallel = 1;
				LastSwiftUpdateCheck = 1330;
				LastUpgradeCheck = 1330;
				TargetAttributes = {
					A4926CD4281ED70C00BB9C73 = {
						CreatedOnToolsVersion = 13.3.1;
					};
				};
			};
			buildConfigurationList = A4926CD0281ED70C00BB9C73 /* Build configuration list for PBXProject "SwiftfulCrypto" */;
			compatibilityVersion = "Xcode 13.0";
			developmentRegion = en;
			hasScannedForEncodings = 0;
			knownRegions = (
				en,
				Base,
			);
			mainGroup = A4926CCC281ED70C00BB9C73;
			productRefGroup = A4926CD6281ED70C00BB9C73 /* Products */;
			projectDirPath = "";
			projectRoot = "";
			targets = (
				A4926CD4281ED70C00BB9C73 /* SwiftfulCrypto */,
			);
		};
/* End PBXProject section */

/* Begin PBXResourcesBuildPhase section */
		A4926CD3281ED70C00BB9C73 /* Resources */ = {
			isa = PBXResourcesBuildPhase;
			buildActionMask = 2147483647;
			files = (
				A4E1185C2821D5F20078531A /* Assets.xcassets in Resources */,
				A4926CE0281ED70D00BB9C73 /* Preview Assets.xcassets in Resources */,
			);
			runOnlyForDeploymentPostprocessing = 0;
		};
/* End PBXResourcesBuildPhase section */

/* Begin PBXSourcesBuildPhase section */
		A4926CD1281ED70C00BB9C73 /* Sources */ = {
			isa = PBXSourcesBuildPhase;
			buildActionMask = 2147483647;
			files = (
				A4926D192820692400BB9C73 /* StatisticModel.swift in Sources */,
				A4926D07281F0FEC00BB9C73 /* CoinDataService.swift in Sources */,
				A4926CFE281EFEED00BB9C73 /* CoinRowView.swift in Sources */,
				A4926D2528208ABD00BB9C73 /* XMarkButton.swift in Sources */,
				A4926D04281F0A6E00BB9C73 /* HomeViewModel.swift in Sources */,
				A4E1185F2821D84E0078531A /* PortfolioContainer.xcdatamodeld in Sources */,
				A4926D13282038B000BB9C73 /* LocalFileManager.swift in Sources */,
				A4926D1F282071BB00BB9C73 /* MarketDataModel.swift in Sources */,
				A4926CF1281EDBBD00BB9C73 /* HomeView.swift in Sources */,
				A4926D1B282069F900BB9C73 /* StatisticView.swift in Sources */,
				A4926D0D28202B3900BB9C73 /* CoinImageView.swift in Sources */,
				A4926CD9281ED70C00BB9C73 /* SwiftfulCryptoApp.swift in Sources */,
				A4926D172820450200BB9C73 /* UIApplication.swift in Sources */,
				A4926CEA281ED9A100BB9C73 /* Color.swift in Sources */,
				A4926CF5281EDCBF00BB9C73 /* CirlceButtonView.swift in Sources */,
				A4926D15282041A600BB9C73 /* SearchBarView.swift in Sources */,
				A4926D0A2820200400BB9C73 /* NetworkingManager.swift in Sources */,
				A4926D272820902E00BB9C73 /* CoinLogoView.swift in Sources */,
				A4E118612821D9340078531A /* PortfolioDataService.swift in Sources */,
				A4926D1D28206C7300BB9C73 /* HomeStatsView.swift in Sources */,
				A4926D21282074AE00BB9C73 /* MarketDataService.swift in Sources */,
				A4926CF7281EDF6200BB9C73 /* CircleButtonAnimationView.swift in Sources */,
				A4926D112820316E00BB9C73 /* CoinImageViewModel.swift in Sources */,
				A4926D00281EFF4800BB9C73 /* PreviewProvider.swift in Sources */,
				A4926D232820895500BB9C73 /* PortfolioView.swift in Sources */,
				A4926D02281F046500BB9C73 /* Double.swift in Sources */,
				A4926D0F28202C7500BB9C73 /* CoinImageService.swift in Sources */,
				A4926CFA281EE37E00BB9C73 /* CoinModel.swift in Sources */,
			);
			runOnlyForDeploymentPostprocessing = 0;
		};
/* End PBXSourcesBuildPhase section */

/* Begin XCBuildConfiguration section */
		A4926CE1281ED70D00BB9C73 /* Debug */ = {
			isa = XCBuildConfiguration;
			buildSettings = {
				ALWAYS_SEARCH_USER_PATHS = NO;
				CLANG_ANALYZER_NONNULL = YES;
				CLANG_ANALYZER_NUMBER_OBJECT_CONVERSION = YES_AGGRESSIVE;
				CLANG_CXX_LANGUAGE_STANDARD = "gnu++17";
				CLANG_ENABLE_MODULES = YES;
				CLANG_ENABLE_OBJC_ARC = YES;
				CLANG_ENABLE_OBJC_WEAK = YES;
				CLANG_WARN_BLOCK_CAPTURE_AUTORELEASING = YES;
				CLANG_WARN_BOOL_CONVERSION = YES;
				CLANG_WARN_COMMA = YES;
				CLANG_WARN_CONSTANT_CONVERSION = YES;
				CLANG_WARN_DEPRECATED_OBJC_IMPLEMENTATIONS = YES;
				CLANG_WARN_DIRECT_OBJC_ISA_USAGE = YES_ERROR;
				CLANG_WARN_DOCUMENTATION_COMMENTS = YES;
				CLANG_WARN_EMPTY_BODY = YES;
				CLANG_WARN_ENUM_CONVERSION = YES;
				CLANG_WARN_INFINITE_RECURSION = YES;
				CLANG_WARN_INT_CONVERSION = YES;
				CLANG_WARN_NON_LITERAL_NULL_CONVERSION = YES;
				CLANG_WARN_OBJC_IMPLICIT_RETAIN_SELF = YES;
				CLANG_WARN_OBJC_LITERAL_CONVERSION = YES;
				CLANG_WARN_OBJC_ROOT_CLASS = YES_ERROR;
				CLANG_WARN_QUOTED_INCLUDE_IN_FRAMEWORK_HEADER = YES;
				CLANG_WARN_RANGE_LOOP_ANALYSIS = YES;
				CLANG_WARN_STRICT_PROTOTYPES = YES;
				CLANG_WARN_SUSPICIOUS_MOVE = YES;
				CLANG_WARN_UNGUARDED_AVAILABILITY = YES_AGGRESSIVE;
				CLANG_WARN_UNREACHABLE_CODE = YES;
				CLANG_WARN__DUPLICATE_METHOD_MATCH = YES;
				COPY_PHASE_STRIP = NO;
				DEBUG_INFORMATION_FORMAT = dwarf;
				ENABLE_STRICT_OBJC_MSGSEND = YES;
				ENABLE_TESTABILITY = YES;
				GCC_C_LANGUAGE_STANDARD = gnu11;
				GCC_DYNAMIC_NO_PIC = NO;
				GCC_NO_COMMON_BLOCKS = YES;
				GCC_OPTIMIZATION_LEVEL = 0;
				GCC_PREPROCESSOR_DEFINITIONS = (
					"DEBUG=1",
					"$(inherited)",
				);
				GCC_WARN_64_TO_32_BIT_CONVERSION = YES;
				GCC_WARN_ABOUT_RETURN_TYPE = YES_ERROR;
				GCC_WARN_UNDECLARED_SELECTOR = YES;
				GCC_WARN_UNINITIALIZED_AUTOS = YES_AGGRESSIVE;
				GCC_WARN_UNUSED_FUNCTION = YES;
				GCC_WARN_UNUSED_VARIABLE = YES;
				IPHONEOS_DEPLOYMENT_TARGET = 15.4;
				MTL_ENABLE_DEBUG_INFO = INCLUDE_SOURCE;
				MTL_FAST_MATH = YES;
				ONLY_ACTIVE_ARCH = YES;
				SDKROOT = iphoneos;
				SWIFT_ACTIVE_COMPILATION_CONDITIONS = DEBUG;
				SWIFT_OPTIMIZATION_LEVEL = "-Onone";
			};
			name = Debug;
		};
		A4926CE2281ED70D00BB9C73 /* Release */ = {
			isa = XCBuildConfiguration;
			buildSettings = {
				ALWAYS_SEARCH_USER_PATHS = NO;
				CLANG_ANALYZER_NONNULL = YES;
				CLANG_ANALYZER_NUMBER_OBJECT_CONVERSION = YES_AGGRESSIVE;
				CLANG_CXX_LANGUAGE_STANDARD = "gnu++17";
				CLANG_ENABLE_MODULES = YES;
				CLANG_ENABLE_OBJC_ARC = YES;
				CLANG_ENABLE_OBJC_WEAK = YES;
				CLANG_WARN_BLOCK_CAPTURE_AUTORELEASING = YES;
				CLANG_WARN_BOOL_CONVERSION = YES;
				CLANG_WARN_COMMA = YES;
				CLANG_WARN_CONSTANT_CONVERSION = YES;
				CLANG_WARN_DEPRECATED_OBJC_IMPLEMENTATIONS = YES;
				CLANG_WARN_DIRECT_OBJC_ISA_USAGE = YES_ERROR;
				CLANG_WARN_DOCUMENTATION_COMMENTS = YES;
				CLANG_WARN_EMPTY_BODY = YES;
				CLANG_WARN_ENUM_CONVERSION = YES;
				CLANG_WARN_INFINITE_RECURSION = YES;
				CLANG_WARN_INT_CONVERSION = YES;
				CLANG_WARN_NON_LITERAL_NULL_CONVERSION = YES;
				CLANG_WARN_OBJC_IMPLICIT_RETAIN_SELF = YES;
				CLANG_WARN_OBJC_LITERAL_CONVERSION = YES;
				CLANG_WARN_OBJC_ROOT_CLASS = YES_ERROR;
				CLANG_WARN_QUOTED_INCLUDE_IN_FRAMEWORK_HEADER = YES;
				CLANG_WARN_RANGE_LOOP_ANALYSIS = YES;
				CLANG_WARN_STRICT_PROTOTYPES = YES;
				CLANG_WARN_SUSPICIOUS_MOVE = YES;
				CLANG_WARN_UNGUARDED_AVAILABILITY = YES_AGGRESSIVE;
				CLANG_WARN_UNREACHABLE_CODE = YES;
				CLANG_WARN__DUPLICATE_METHOD_MATCH = YES;
				COPY_PHASE_STRIP = NO;
				DEBUG_INFORMATION_FORMAT = "dwarf-with-dsym";
				ENABLE_NS_ASSERTIONS = NO;
				ENABLE_STRICT_OBJC_MSGSEND = YES;
				GCC_C_LANGUAGE_STANDARD = gnu11;
				GCC_NO_COMMON_BLOCKS = YES;
				GCC_WARN_64_TO_32_BIT_CONVERSION = YES;
				GCC_WARN_ABOUT_RETURN_TYPE = YES_ERROR;
				GCC_WARN_UNDECLARED_SELECTOR = YES;
				GCC_WARN_UNINITIALIZED_AUTOS = YES_AGGRESSIVE;
				GCC_WARN_UNUSED_FUNCTION = YES;
				GCC_WARN_UNUSED_VARIABLE = YES;
				IPHONEOS_DEPLOYMENT_TARGET = 15.4;
				MTL_ENABLE_DEBUG_INFO = NO;
				MTL_FAST_MATH = YES;
				SDKROOT = iphoneos;
				SWIFT_COMPILATION_MODE = wholemodule;
				SWIFT_OPTIMIZATION_LEVEL = "-O";
				VALIDATE_PRODUCT = YES;
			};
			name = Release;
		};
		A4926CE4281ED70D00BB9C73 /* Debug */ = {
			isa = XCBuildConfiguration;
			buildSettings = {
				ASSETCATALOG_COMPILER_APPICON_NAME = AppIcon;
				ASSETCATALOG_COMPILER_GLOBAL_ACCENT_COLOR_NAME = AccentColor;
				CODE_SIGN_STYLE = Automatic;
				CURRENT_PROJECT_VERSION = 1;
				DEVELOPMENT_ASSET_PATHS = "\"SwiftfulCrypto/Preview Content\"";
				DEVELOPMENT_TEAM = B4YK692KRH;
				ENABLE_PREVIEWS = YES;
				GENERATE_INFOPLIST_FILE = YES;
				INFOPLIST_KEY_UIApplicationSceneManifest_Generation = YES;
				INFOPLIST_KEY_UIApplicationSupportsIndirectInputEvents = YES;
				INFOPLIST_KEY_UILaunchScreen_Generation = YES;
				INFOPLIST_KEY_UISupportedInterfaceOrientations = UIInterfaceOrientationPortrait;
				INFOPLIST_KEY_UISupportedInterfaceOrientations_iPad = "UIInterfaceOrientationPortrait UIInterfaceOrientationPortraitUpsideDown UIInterfaceOrientationLandscapeLeft UIInterfaceOrientationLandscapeRight";
				INFOPLIST_KEY_UISupportedInterfaceOrientations_iPhone = "UIInterfaceOrientationPortrait UIInterfaceOrientationLandscapeLeft UIInterfaceOrientationLandscapeRight";
				LD_RUNPATH_SEARCH_PATHS = (
					"$(inherited)",
					"@executable_path/Frameworks",
				);
				MARKETING_VERSION = 1.0;
				PRODUCT_BUNDLE_IDENTIFIER = exzos.SwiftfulCrypto;
				PRODUCT_NAME = "Crypto Track";
				SWIFT_EMIT_LOC_STRINGS = YES;
				SWIFT_VERSION = 5.0;
				TARGETED_DEVICE_FAMILY = "1,2";
			};
			name = Debug;
		};
		A4926CE5281ED70D00BB9C73 /* Release */ = {
			isa = XCBuildConfiguration;
			buildSettings = {
				ASSETCATALOG_COMPILER_APPICON_NAME = AppIcon;
				ASSETCATALOG_COMPILER_GLOBAL_ACCENT_COLOR_NAME = AccentColor;
				CODE_SIGN_STYLE = Automatic;
				CURRENT_PROJECT_VERSION = 1;
				DEVELOPMENT_ASSET_PATHS = "\"SwiftfulCrypto/Preview Content\"";
				DEVELOPMENT_TEAM = B4YK692KRH;
				ENABLE_PREVIEWS = YES;
				GENERATE_INFOPLIST_FILE = YES;
				INFOPLIST_KEY_UIApplicationSceneManifest_Generation = YES;
				INFOPLIST_KEY_UIApplicationSupportsIndirectInputEvents = YES;
				INFOPLIST_KEY_UILaunchScreen_Generation = YES;
				INFOPLIST_KEY_UISupportedInterfaceOrientations = UIInterfaceOrientationPortrait;
				INFOPLIST_KEY_UISupportedInterfaceOrientations_iPad = "UIInterfaceOrientationPortrait UIInterfaceOrientationPortraitUpsideDown UIInterfaceOrientationLandscapeLeft UIInterfaceOrientationLandscapeRight";
				INFOPLIST_KEY_UISupportedInterfaceOrientations_iPhone = "UIInterfaceOrientationPortrait UIInterfaceOrientationLandscapeLeft UIInterfaceOrientationLandscapeRight";
				LD_RUNPATH_SEARCH_PATHS = (
					"$(inherited)",
					"@executable_path/Frameworks",
				);
				MARKETING_VERSION = 1.0;
				PRODUCT_BUNDLE_IDENTIFIER = exzos.SwiftfulCrypto;
				PRODUCT_NAME = "Crypto Track";
				SWIFT_EMIT_LOC_STRINGS = YES;
				SWIFT_VERSION = 5.0;
				TARGETED_DEVICE_FAMILY = "1,2";
			};
			name = Release;
		};
/* End XCBuildConfiguration section */

/* Begin XCConfigurationList section */
		A4926CD0281ED70C00BB9C73 /* Build configuration list for PBXProject "SwiftfulCrypto" */ = {
			isa = XCConfigurationList;
			buildConfigurations = (
				A4926CE1281ED70D00BB9C73 /* Debug */,
				A4926CE2281ED70D00BB9C73 /* Release */,
			);
			defaultConfigurationIsVisible = 0;
			defaultConfigurationName = Release;
		};
		A4926CE3281ED70D00BB9C73 /* Build configuration list for PBXNativeTarget "SwiftfulCrypto" */ = {
			isa = XCConfigurationList;
			buildConfigurations = (
				A4926CE4281ED70D00BB9C73 /* Debug */,
				A4926CE5281ED70D00BB9C73 /* Release */,
			);
			defaultConfigurationIsVisible = 0;
			defaultConfigurationName = Release;
		};
/* End XCConfigurationList section */

/* Begin XCVersionGroup section */
		A4E1185D2821D84E0078531A /* PortfolioContainer.xcdatamodeld */ = {
			isa = XCVersionGroup;
			children = (
				A4E1185E2821D84E0078531A /* PortfolioContainer.xcdatamodel */,
			);
			currentVersion = A4E1185E2821D84E0078531A /* PortfolioContainer.xcdatamodel */;
			path = PortfolioContainer.xcdatamodeld;
			sourceTree = "<group>";
			versionGroupType = wrapper.xcdatamodel;
		};
/* End XCVersionGroup section */
	};
	rootObject = A4926CCD281ED70C00BB9C73 /* Project object */;
}
